
Microsoft Visual Studio Solution File, Format Version 12.00
# Visual Studio Version 16
VisualStudioVersion = 16.0.31205.134
MinimumVisualStudioVersion = 10.0.40219.1
Project("{FAE04EC0-301F-11D3-BF4B-00C04F79EFBC}") = "PO-Weekly-Challenge-9-16", "PO-Weekly-Challenge-9-16\PO-Weekly-Challenge-9-16.csproj", "{064CA426-D8D0-471F-B43C-C6C9C8794F98}"
EndProject
Global
	GlobalSection(SolutionConfigurationPlatforms) = preSolution
		Debug|Any CPU = Debug|Any CPU
		Release|Any CPU = Release|Any CPU
	EndGlobalSection
	GlobalSection(ProjectConfigurationPlatforms) = postSolution
		{064CA426-D8D0-471F-B43C-C6C9C8794F98}.Debug|Any CPU.ActiveCfg = Debug|Any CPU
		{064CA426-D8D0-471F-B43C-C6C9C8794F98}.Debug|Any CPU.Build.0 = Debug|Any CPU
		{064CA426-D8D0-471F-B43C-C6C9C8794F98}.Release|Any CPU.ActiveCfg = Release|Any CPU
		{064CA426-D8D0-471F-B43C-C6C9C8794F98}.Release|Any CPU.Build.0 = Release|Any CPU
	EndGlobalSection
	GlobalSection(SolutionProperties) = preSolution
		HideSolutionNode = FALSE
	EndGlobalSection
	GlobalSection(ExtensibilityGlobals) = postSolution
		SolutionGuid = {A3203D21-311C-4E8F-8C41-701EB010D189}
	EndGlobalSection
EndGlobal
